
Microsoft Visual Studio Solution File, Format Version 12.00
Project("{FAE04EC0-301F-11D3-BF4B-00C04F79EFBC}") = "BattleMap", "BattleMap\BattleMap.csproj", "{64D10F7D-BFB8-4E6B-B9F3-C1C82E970FDE}"
EndProject
Project("{2150E333-8FDC-42A3-9474-1A3956D46DE8}") = "src", "src", "{9D28876E-4609-4904-971A-E5FD8338E9F6}"
EndProject
Project("{2150E333-8FDC-42A3-9474-1A3956D46DE8}") = "test", "test", "{30788CC9-8157-4CB6-8585-96D315680563}"
EndProject
Project("{FAE04EC0-301F-11D3-BF4B-00C04F79EFBC}") = "BattleMap.Test", "BattleMap.Test\BattleMap.Test.csproj", "{946474B1-4504-4496-81ED-4B7CDFAE8E7D}"
EndProject
Project("{FAE04EC0-301F-11D3-BF4B-00C04F79EFBC}") = "LandPage.Test", "LandPage.Test\LandPage.Test.csproj", "{8E0A0EA9-D3A6-4A13-9B3E-4D7D08793CDF}"
EndProject
Project("{FAE04EC0-301F-11D3-BF4B-00C04F79EFBC}") = "LandPage", "LandPage\LandPage.csproj", "{F94F0D70-F5F8-4FC2-B331-5F6A5D5583F9}"
EndProject
Global
	GlobalSection(SolutionConfigurationPlatforms) = preSolution
		Debug|Any CPU = Debug|Any CPU
		Release|Any CPU = Release|Any CPU
	EndGlobalSection
	GlobalSection(ProjectConfigurationPlatforms) = postSolution
		{64D10F7D-BFB8-4E6B-B9F3-C1C82E970FDE}.Debug|Any CPU.ActiveCfg = Debug|Any CPU
		{64D10F7D-BFB8-4E6B-B9F3-C1C82E970FDE}.Debug|Any CPU.Build.0 = Debug|Any CPU
		{64D10F7D-BFB8-4E6B-B9F3-C1C82E970FDE}.Release|Any CPU.ActiveCfg = Release|Any CPU
		{64D10F7D-BFB8-4E6B-B9F3-C1C82E970FDE}.Release|Any CPU.Build.0 = Release|Any CPU
		{946474B1-4504-4496-81ED-4B7CDFAE8E7D}.Debug|Any CPU.ActiveCfg = Debug|Any CPU
		{946474B1-4504-4496-81ED-4B7CDFAE8E7D}.Debug|Any CPU.Build.0 = Debug|Any CPU
		{946474B1-4504-4496-81ED-4B7CDFAE8E7D}.Release|Any CPU.ActiveCfg = Release|Any CPU
		{946474B1-4504-4496-81ED-4B7CDFAE8E7D}.Release|Any CPU.Build.0 = Release|Any CPU
		{8E0A0EA9-D3A6-4A13-9B3E-4D7D08793CDF}.Debug|Any CPU.ActiveCfg = Debug|Any CPU
		{8E0A0EA9-D3A6-4A13-9B3E-4D7D08793CDF}.Debug|Any CPU.Build.0 = Debug|Any CPU
		{8E0A0EA9-D3A6-4A13-9B3E-4D7D08793CDF}.Release|Any CPU.ActiveCfg = Release|Any CPU
		{8E0A0EA9-D3A6-4A13-9B3E-4D7D08793CDF}.Release|Any CPU.Build.0 = Release|Any CPU
		{F94F0D70-F5F8-4FC2-B331-5F6A5D5583F9}.Debug|Any CPU.ActiveCfg = Debug|Any CPU
		{F94F0D70-F5F8-4FC2-B331-5F6A5D5583F9}.Debug|Any CPU.Build.0 = Debug|Any CPU
		{F94F0D70-F5F8-4FC2-B331-5F6A5D5583F9}.Release|Any CPU.ActiveCfg = Release|Any CPU
		{F94F0D70-F5F8-4FC2-B331-5F6A5D5583F9}.Release|Any CPU.Build.0 = Release|Any CPU
	EndGlobalSection
	GlobalSection(NestedProjects) = preSolution
		{64D10F7D-BFB8-4E6B-B9F3-C1C82E970FDE} = {9D28876E-4609-4904-971A-E5FD8338E9F6}
		{946474B1-4504-4496-81ED-4B7CDFAE8E7D} = {30788CC9-8157-4CB6-8585-96D315680563}
		{8E0A0EA9-D3A6-4A13-9B3E-4D7D08793CDF} = {30788CC9-8157-4CB6-8585-96D315680563}
		{F94F0D70-F5F8-4FC2-B331-5F6A5D5583F9} = {9D28876E-4609-4904-971A-E5FD8338E9F6}
	EndGlobalSection
EndGlobal
